{
  "name": "Dio-bootcamp-santander-fullstack",
  "lockfileVersion": 2,
  "requires": true,
  "packages": {
    "": {
      "dependencies": {
        "bootstrap": "^5.2.0",
        "materializer": "^0.1.1"
      }
    },
    "node_modules/@popperjs/core": {
      "version": "2.11.5",
      "resolved": "https://registry.npmjs.org/@popperjs/core/-/core-2.11.5.tgz",
      "integrity": "sha512-9X2obfABZuDVLCgPK9aX0a/x4jaOEweTTWE2+9sr0Qqqevj2Uv5XorvusThmc9XGYpS9yI+fhh8RTafBtGposw==",
      "peer": true,
      "funding": {
        "type": "opencollective",
        "url": "https://opencollective.com/popperjs"
      }
    },
    "node_modules/bootstrap": {
      "version": "5.2.0",
      "resolved": "https://registry.npmjs.org/bootstrap/-/bootstrap-5.2.0.tgz",
      "integrity": "sha512-qlnS9GL6YZE6Wnef46GxGv1UpGGzAwO0aPL1yOjzDIJpeApeMvqV24iL+pjr2kU4dduoBA9fINKWKgMToobx9A==",
      "funding": [
        {
          "type": "github",
          "url": "https://github.com/sponsors/twbs"
        },
        {
          "type": "opencollective",
          "url": "https://opencollective.com/bootstrap"
        }
      ],
      "peerDependencies": {
        "@popperjs/core": "^2.11.5"
      }
    },
    "node_modules/color-convert": {
      "version": "0.5.3",
      "resolved": "https://registry.npmjs.org/color-convert/-/color-convert-0.5.3.tgz",
      "integrity": "sha512-RwBeO/B/vZR3dfKL1ye/vx8MHZ40ugzpyfeVG5GsiuGnrlMWe2o8wxBbLCpw9CsxV+wHuzYlCiWnybrIA0ling=="
    },
    "node_modules/color-diff": {
      "version": "1.2.0",
      "resolved": "https://registry.npmjs.org/color-diff/-/color-diff-1.2.0.tgz",
      "integrity": "sha512-FN7iLBCfb97ElJU2AQXbBAFXPbKmu0XJjPU9GWWmUkIbXka+Im8Q5w1geiL9GB+AktJ4pIA6nRZD1+TlEG6/rA=="
    },
    "node_modules/css-color-names": {
      "version": "0.0.3",
      "resolved": "https://registry.npmjs.org/css-color-names/-/css-color-names-0.0.3.tgz",
      "integrity": "sha512-YuNAhKz60vZZCiFOP73K/EFaPCXZItFH9ScWoIXdzuxLFFkR7PvWv/faeP0scNJpfYcz956RQu5j+LP6cQC+gw==",
      "engines": {
        "node": "*"
      }
    },
    "node_modules/material-colors": {
      "version": "1.2.6",
      "resolved": "https://registry.npmjs.org/material-colors/-/material-colors-1.2.6.tgz",
      "integrity": "sha512-6qE4B9deFBIa9YSpOc9O0Sgc43zTeVYbgDT5veRKSlB2+ZuHNoVVxA1L/ckMUayV9Ay9y7Z/SZCLcGteW9i7bg=="
    },
    "node_modules/materializer": {
      "version": "0.1.1",
      "resolved": "https://registry.npmjs.org/materializer/-/materializer-0.1.1.tgz",
      "integrity": "sha512-Zzdnkocj5uvK2kUMt2lyb/vICtI13tjylbDIQ3ylcRi+t5AoxBFNE4qOzlLylTc0wY9ftGaRMzQNVlBdxDQoUg==",
      "dependencies": {
        "color-diff": "^1.0.0",
        "css-color-names": "0.0.3",
        "material-colors": "^1.0.0",
        "minimist": "^1.2.0",
        "parse-color": "^1.0.0"
      },
      "bin": {
        "materializer": "bin/materializer"
      },
      "engines": {
        "node": ">=0.12"
      }
    },
    "node_modules/minimist": {
      "version": "1.2.6",
      "resolved": "https://registry.npmjs.org/minimist/-/minimist-1.2.6.tgz",
      "integrity": "sha512-Jsjnk4bw3YJqYzbdyBiNsPWHPfO++UGG749Cxs6peCu5Xg4nrena6OVxOYxrQTqww0Jmwt+Ref8rggumkTLz9Q=="
    },
    "node_modules/parse-color": {
      "version": "1.0.0",
      "resolved": "https://registry.npmjs.org/parse-color/-/parse-color-1.0.0.tgz",
      "integrity": "sha512-fuDHYgFHJGbpGMgw9skY/bj3HL/Jrn4l/5rSspy00DoT4RyLnDcRvPxdZ+r6OFwIsgAuhDh4I09tAId4mI12bw==",
      "dependencies": {
        "color-convert": "~0.5.0"
      }
    }
  },
  "dependencies": {
    "@popperjs/core": {
      "version": "2.11.5",
      "resolved": "https://registry.npmjs.org/@popperjs/core/-/core-2.11.5.tgz",
      "integrity": "sha512-9X2obfABZuDVLCgPK9aX0a/x4jaOEweTTWE2+9sr0Qqqevj2Uv5XorvusThmc9XGYpS9yI+fhh8RTafBtGposw==",
      "peer": true
    },
    "bootstrap": {
      "version": "5.2.0",
      "resolved": "https://registry.npmjs.org/bootstrap/-/bootstrap-5.2.0.tgz",
      "integrity": "sha512-qlnS9GL6YZE6Wnef46GxGv1UpGGzAwO0aPL1yOjzDIJpeApeMvqV24iL+pjr2kU4dduoBA9fINKWKgMToobx9A==",
      "requires": {}
    },
    "color-convert": {
      "version": "0.5.3",
      "resolved": "https://registry.npmjs.org/color-convert/-/color-convert-0.5.3.tgz",
      "integrity": "sha512-RwBeO/B/vZR3dfKL1ye/vx8MHZ40ugzpyfeVG5GsiuGnrlMWe2o8wxBbLCpw9CsxV+wHuzYlCiWnybrIA0ling=="
    },
    "color-diff": {
      "version": "1.2.0",
      "resolved": "https://registry.npmjs.org/color-diff/-/color-diff-1.2.0.tgz",
      "integrity": "sha512-FN7iLBCfb97ElJU2AQXbBAFXPbKmu0XJjPU9GWWmUkIbXka+Im8Q5w1geiL9GB+AktJ4pIA6nRZD1+TlEG6/rA=="
    },
    "css-color-names": {
      "version": "0.0.3",
      "resolved": "https://registry.npmjs.org/css-color-names/-/css-color-names-0.0.3.tgz",
      "integrity": "sha512-YuNAhKz60vZZCiFOP73K/EFaPCXZItFH9ScWoIXdzuxLFFkR7PvWv/faeP0scNJpfYcz956RQu5j+LP6cQC+gw=="
    },
    "material-colors": {
      "version": "1.2.6",
      "resolved": "https://registry.npmjs.org/material-colors/-/material-colors-1.2.6.tgz",
      "integrity": "sha512-6qE4B9deFBIa9YSpOc9O0Sgc43zTeVYbgDT5veRKSlB2+ZuHNoVVxA1L/ckMUayV9Ay9y7Z/SZCLcGteW9i7bg=="
    },
    "materializer": {
      "version": "0.1.1",
      "resolved": "https://registry.npmjs.org/materializer/-/materializer-0.1.1.tgz",
      "integrity": "sha512-Zzdnkocj5uvK2kUMt2lyb/vICtI13tjylbDIQ3ylcRi+t5AoxBFNE4qOzlLylTc0wY9ftGaRMzQNVlBdxDQoUg==",
      "requires": {
        "color-diff": "^1.0.0",
        "css-color-names": "0.0.3",
        "material-colors": "^1.0.0",
        "minimist": "^1.2.0",
        "parse-color": "^1.0.0"
      }
    },
    "minimist": {
      "version": "1.2.6",
      "resolved": "https://registry.npmjs.org/minimist/-/minimist-1.2.6.tgz",
      "integrity": "sha512-Jsjnk4bw3YJqYzbdyBiNsPWHPfO++UGG749Cxs6peCu5Xg4nrena6OVxOYxrQTqww0Jmwt+Ref8rggumkTLz9Q=="
    },
    "parse-color": {
      "version": "1.0.0",
      "resolved": "https://registry.npmjs.org/parse-color/-/parse-color-1.0.0.tgz",
      "integrity": "sha512-fuDHYgFHJGbpGMgw9skY/bj3HL/Jrn4l/5rSspy00DoT4RyLnDcRvPxdZ+r6OFwIsgAuhDh4I09tAId4mI12bw==",
      "requires": {
        "color-convert": "~0.5.0"
      }
    }
  }
}
